// !$*UTF8*$!
{
	archiveVersion = 1;
	classes = {
	};
	objectVersion = 60;
	objects = {

/* Begin PBXBuildFile section */
		3F5A4CAC2C1B3D3100246024 /* ConversorTemperaturasApp.swift in Sources */ = {isa = PBXBuildFile; fileRef = 3F5A4CAB2C1B3D3100246024 /* ConversorTemperaturasApp.swift */; };
		3F5A4CAE2C1B3D3100246024 /* ContentView.swift in Sources */ = {isa = PBXBuildFile; fileRef = 3F5A4CAD2C1B3D3100246024 /* ContentView.swift */; };
		3F5A4CB02C1B3D3200246024 /* Assets.xcassets in Resources */ = {isa = PBXBuildFile; fileRef = 3F5A4CAF2C1B3D3200246024 /* Assets.xcassets */; };
		3F5A4CB32C1B3D3200246024 /* Preview Assets.xcassets in Resources */ = {isa = PBXBuildFile; fileRef = 3F5A4CB22C1B3D3200246024 /* Preview Assets.xcassets */; };
		3F5A4CBD2C1B3D3200246024 /* ConversorTemperaturasTests.swift in Sources */ = {isa = PBXBuildFile; fileRef = 3F5A4CBC2C1B3D3200246024 /* ConversorTemperaturasTests.swift */; };
		3F5A4CC72C1B3D3200246024 /* ConversorTemperaturasUITests.swift in Sources */ = {isa = PBXBuildFile; fileRef = 3F5A4CC62C1B3D3200246024 /* ConversorTemperaturasUITests.swift */; };
		3F5A4CC92C1B3D3200246024 /* ConversorTemperaturasUITestsLaunchTests.swift in Sources */ = {isa = PBXBuildFile; fileRef = 3F5A4CC82C1B3D3200246024 /* ConversorTemperaturasUITestsLaunchTests.swift */; };
/* End PBXBuildFile section */

/* Begin PBXContainerItemProxy section */
		3F5A4CB92C1B3D3200246024 /* PBXContainerItemProxy */ = {
			isa = PBXContainerItemProxy;
			containerPortal = 3F5A4CA02C1B3D3100246024 /* Project object */;
			proxyType = 1;
			remoteGlobalIDString = 3F5A4CA72C1B3D3100246024;
			remoteInfo = ConversorTemperaturas;
		};
		3F5A4CC32C1B3D3200246024 /* PBXContainerItemProxy */ = {
			isa = PBXContainerItemProxy;
			containerPortal = 3F5A4CA02C1B3D3100246024 /* Project object */;
			proxyType = 1;
			remoteGlobalIDString = 3F5A4CA72C1B3D3100246024;
			remoteInfo = ConversorTemperaturas;
		};
/* End PBXContainerItemProxy section */

/* Begin PBXFileReference section */
		3F5A4CA82C1B3D3100246024 /* ConversorTemperaturas.app */ = {isa = PBXFileReference; explicitFileType = wrapper.application; includeInIndex = 0; path = ConversorTemperaturas.app; sourceTree = BUILT_PRODUCTS_DIR; };
		3F5A4CAB2C1B3D3100246024 /* ConversorTemperaturasApp.swift */ = {isa = PBXFileReference; lastKnownFileType = sourcecode.swift; path = ConversorTemperaturasApp.swift; sourceTree = "<group>"; };
		3F5A4CAD2C1B3D3100246024 /* ContentView.swift */ = {isa = PBXFileReference; lastKnownFileType = sourcecode.swift; path = ContentView.swift; sourceTree = "<group>"; };
		3F5A4CAF2C1B3D3200246024 /* Assets.xcassets */ = {isa = PBXFileReference; lastKnownFileType = folder.assetcatalog; path = Assets.xcassets; sourceTree = "<group>"; };
		3F5A4CB22C1B3D3200246024 /* Preview Assets.xcassets */ = {isa = PBXFileReference; lastKnownFileType = folder.assetcatalog; path = "Preview Assets.xcassets"; sourceTree = "<group>"; };
		3F5A4CB82C1B3D3200246024 /* ConversorTemperaturasTests.xctest */ = {isa = PBXFileReference; explicitFileType = wrapper.cfbundle; includeInIndex = 0; path = ConversorTemperaturasTests.xctest; sourceTree = BUILT_PRODUCTS_DIR; };
		3F5A4CBC2C1B3D3200246024 /* ConversorTemperaturasTests.swift */ = {isa = PBXFileReference; lastKnownFileType = sourcecode.swift; path = ConversorTemperaturasTests.swift; sourceTree = "<group>"; };
		3F5A4CC22C1B3D3200246024 /* ConversorTemperaturasUITests.xctest */ = {isa = PBXFileReference; explicitFileType = wrapper.cfbundle; includeInIndex = 0; path = ConversorTemperaturasUITests.xctest; sourceTree = BUILT_PRODUCTS_DIR; };
		3F5A4CC62C1B3D3200246024 /* ConversorTemperaturasUITests.swift */ = {isa = PBXFileReference; lastKnownFileType = sourcecode.swift; path = ConversorTemperaturasUITests.swift; sourceTree = "<group>"; };
		3F5A4CC82C1B3D3200246024 /* ConversorTemperaturasUITestsLaunchTests.swift */ = {isa = PBXFileReference; lastKnownFileType = sourcecode.swift; path = ConversorTemperaturasUITestsLaunchTests.swift; sourceTree = "<group>"; };
/* End PBXFileReference section */

/* Begin PBXFrameworksBuildPhase section */
		3F5A4CA52C1B3D3100246024 /* Frameworks */ = {
			isa = PBXFrameworksBuildPhase;
			buildActionMask = 2147483647;
			files = (
			);
			runOnlyForDeploymentPostprocessing = 0;
		};
		3F5A4CB52C1B3D3200246024 /* Frameworks */ = {
			isa = PBXFrameworksBuildPhase;
			buildActionMask = 2147483647;
			files = (
			);
			runOnlyForDeploymentPostprocessing = 0;
		};
		3F5A4CBF2C1B3D3200246024 /* Frameworks */ = {
			isa = PBXFrameworksBuildPhase;
			buildActionMask = 2147483647;
			files = (
			);
			runOnlyForDeploymentPostprocessing = 0;
		};
/* End PBXFrameworksBuildPhase section */

/* Begin PBXGroup section */
		3F5A4C9F2C1B3D3100246024 = {
			isa = PBXGroup;
			children = (
				3F5A4CAA2C1B3D3100246024 /* ConversorTemperaturas */,
				3F5A4CBB2C1B3D3200246024 /* ConversorTemperaturasTests */,
				3F5A4CC52C1B3D3200246024 /* ConversorTemperaturasUITests */,
				3F5A4CA92C1B3D3100246024 /* Products */,
			);
			sourceTree = "<group>";
		};
		3F5A4CA92C1B3D3100246024 /* Products */ = {
			isa = PBXGroup;
			children = (
				3F5A4CA82C1B3D3100246024 /* ConversorTemperaturas.app */,
				3F5A4CB82C1B3D3200246024 /* ConversorTemperaturasTests.xctest */,
				3F5A4CC22C1B3D3200246024 /* ConversorTemperaturasUITests.xctest */,
			);
			name = Products;
			sourceTree = "<group>";
		};
		3F5A4CAA2C1B3D3100246024 /* ConversorTemperaturas */ = {
			isa = PBXGroup;
			children = (
				3F5A4CAB2C1B3D3100246024 /* ConversorTemperaturasApp.swift */,
				3F5A4CAD2C1B3D3100246024 /* ContentView.swift */,
				3F5A4CAF2C1B3D3200246024 /* Assets.xcassets */,
				3F5A4CB12C1B3D3200246024 /* Preview Content */,
			);
			path = ConversorTemperaturas;
			sourceTree = "<group>";
		};
		3F5A4CB12C1B3D3200246024 /* Preview Content */ = {
			isa = PBXGroup;
			children = (
				3F5A4CB22C1B3D3200246024 /* Preview Assets.xcassets */,
			);
			path = "Preview Content";
			sourceTree = "<group>";
		};
		3F5A4CBB2C1B3D3200246024 /* ConversorTemperaturasTests */ = {
			isa = PBXGroup;
			children = (
				3F5A4CBC2C1B3D3200246024 /* ConversorTemperaturasTests.swift */,
			);
			path = ConversorTemperaturasTests;
			sourceTree = "<group>";
		};
		3F5A4CC52C1B3D3200246024 /* ConversorTemperaturasUITests */ = {
			isa = PBXGroup;
			children = (
				3F5A4CC62C1B3D3200246024 /* ConversorTemperaturasUITests.swift */,
				3F5A4CC82C1B3D3200246024 /* ConversorTemperaturasUITestsLaunchTests.swift */,
			);
			path = ConversorTemperaturasUITests;
			sourceTree = "<group>";
		};
/* End PBXGroup section */

/* Begin PBXNativeTarget section */
		3F5A4CA72C1B3D3100246024 /* ConversorTemperaturas */ = {
			isa = PBXNativeTarget;
			buildConfigurationList = 3F5A4CCC2C1B3D3200246024 /* Build configuration list for PBXNativeTarget "ConversorTemperaturas" */;
			buildPhases = (
				3F5A4CA42C1B3D3100246024 /* Sources */,
				3F5A4CA52C1B3D3100246024 /* Frameworks */,
				3F5A4CA62C1B3D3100246024 /* Resources */,
			);
			buildRules = (
			);
			dependencies = (
			);
			name = ConversorTemperaturas;
			productName = ConversorTemperaturas;
			productReference = 3F5A4CA82C1B3D3100246024 /* ConversorTemperaturas.app */;
			productType = "com.apple.product-type.application";
		};
		3F5A4CB72C1B3D3200246024 /* ConversorTemperaturasTests */ = {
			isa = PBXNativeTarget;
			buildConfigurationList = 3F5A4CCF2C1B3D3200246024 /* Build configuration list for PBXNativeTarget "ConversorTemperaturasTests" */;
			buildPhases = (
				3F5A4CB42C1B3D3200246024 /* Sources */,
				3F5A4CB52C1B3D3200246024 /* Frameworks */,
				3F5A4CB62C1B3D3200246024 /* Resources */,
			);
			buildRules = (
			);
			dependencies = (
				3F5A4CBA2C1B3D3200246024 /* PBXTargetDependency */,
			);
			name = ConversorTemperaturasTests;
			productName = ConversorTemperaturasTests;
			productReference = 3F5A4CB82C1B3D3200246024 /* ConversorTemperaturasTests.xctest */;
			productType = "com.apple.product-type.bundle.unit-test";
		};
		3F5A4CC12C1B3D3200246024 /* ConversorTemperaturasUITests */ = {
			isa = PBXNativeTarget;
			buildConfigurationList = 3F5A4CD22C1B3D3200246024 /* Build configuration list for PBXNativeTarget "ConversorTemperaturasUITests" */;
			buildPhases = (
				3F5A4CBE2C1B3D3200246024 /* Sources */,
				3F5A4CBF2C1B3D3200246024 /* Frameworks */,
				3F5A4CC02C1B3D3200246024 /* Resources */,
			);
			buildRules = (
			);
			dependencies = (
				3F5A4CC42C1B3D3200246024 /* PBXTargetDependency */,
			);
			name = ConversorTemperaturasUITests;
			productName = ConversorTemperaturasUITests;
			productReference = 3F5A4CC22C1B3D3200246024 /* ConversorTemperaturasUITests.xctest */;
			productType = "com.apple.product-type.bundle.ui-testing";
		};
/* End PBXNativeTarget section */

/* Begin PBXProject section */
		3F5A4CA02C1B3D3100246024 /* Project object */ = {
			isa = PBXProject;
			attributes = {
				BuildIndependentTargetsInParallel = 1;
				LastSwiftUpdateCheck = 1600;
				LastUpgradeCheck = 1600;
				TargetAttributes = {
					3F5A4CA72C1B3D3100246024 = {
						CreatedOnToolsVersion = 16.0;
					};
					3F5A4CB72C1B3D3200246024 = {
						CreatedOnToolsVersion = 16.0;
						TestTargetID = 3F5A4CA72C1B3D3100246024;
					};
					3F5A4CC12C1B3D3200246024 = {
						CreatedOnToolsVersion = 16.0;
						TestTargetID = 3F5A4CA72C1B3D3100246024;
					};
				};
			};
			buildConfigurationList = 3F5A4CA32C1B3D3100246024 /* Build configuration list for PBXProject "ConversorTemperaturas" */;
			compatibilityVersion = "Xcode 15.0";
			developmentRegion = en;
			hasScannedForEncodings = 0;
			knownRegions = (
				en,
				Base,
			);
			mainGroup = 3F5A4C9F2C1B3D3100246024;
			productRefGroup = 3F5A4CA92C1B3D3100246024 /* Products */;
			projectDirPath = "";
			projectRoot = "";
			targets = (
				3F5A4CA72C1B3D3100246024 /* ConversorTemperaturas */,
				3F5A4CB72C1B3D3200246024 /* ConversorTemperaturasTests */,
				3F5A4CC12C1B3D3200246024 /* ConversorTemperaturasUITests */,
			);
		};
/* End PBXProject section */

/* Begin PBXResourcesBuildPhase section */
		3F5A4CA62C1B3D3100246024 /* Resources */ = {
			isa = PBXResourcesBuildPhase;
			buildActionMask = 2147483647;
			files = (
				3F5A4CB32C1B3D3200246024 /* Preview Assets.xcassets in Resources */,
				3F5A4CB02C1B3D3200246024 /* Assets.xcassets in Resources */,
			);
			runOnlyForDeploymentPostprocessing = 0;
		};
		3F5A4CB62C1B3D3200246024 /* Resources */ = {
			isa = PBXResourcesBuildPhase;
			buildActionMask = 2147483647;
			files = (
			);
			runOnlyForDeploymentPostprocessing = 0;
		};
		3F5A4CC02C1B3D3200246024 /* Resources */ = {
			isa = PBXResourcesBuildPhase;
			buildActionMask = 2147483647;
			files = (
			);
			runOnlyForDeploymentPostprocessing = 0;
		};
/* End PBXResourcesBuildPhase section */

/* Begin PBXSourcesBuildPhase section */
		3F5A4CA42C1B3D3100246024 /* Sources */ = {
			isa = PBXSourcesBuildPhase;
			buildActionMask = 2147483647;
			files = (
				3F5A4CAE2C1B3D3100246024 /* ContentView.swift in Sources */,
				3F5A4CAC2C1B3D3100246024 /* ConversorTemperaturasApp.swift in Sources */,
			);
			runOnlyForDeploymentPostprocessing = 0;
		};
		3F5A4CB42C1B3D3200246024 /* Sources */ = {
			isa = PBXSourcesBuildPhase;
			buildActionMask = 2147483647;
			files = (
				3F5A4CBD2C1B3D3200246024 /* ConversorTemperaturasTests.swift in Sources */,
			);
			runOnlyForDeploymentPostprocessing = 0;
		};
		3F5A4CBE2C1B3D3200246024 /* Sources */ = {
			isa = PBXSourcesBuildPhase;
			buildActionMask = 2147483647;
			files = (
				3F5A4CC72C1B3D3200246024 /* ConversorTemperaturasUITests.swift in Sources */,
				3F5A4CC92C1B3D3200246024 /* ConversorTemperaturasUITestsLaunchTests.swift in Sources */,
			);
			runOnlyForDeploymentPostprocessing = 0;
		};
/* End PBXSourcesBuildPhase section */

/* Begin PBXTargetDependency section */
		3F5A4CBA2C1B3D3200246024 /* PBXTargetDependency */ = {
			isa = PBXTargetDependency;
			target = 3F5A4CA72C1B3D3100246024 /* ConversorTemperaturas */;
			targetProxy = 3F5A4CB92C1B3D3200246024 /* PBXContainerItemProxy */;
		};
		3F5A4CC42C1B3D3200246024 /* PBXTargetDependency */ = {
			isa = PBXTargetDependency;
			target = 3F5A4CA72C1B3D3100246024 /* ConversorTemperaturas */;
			targetProxy = 3F5A4CC32C1B3D3200246024 /* PBXContainerItemProxy */;
		};
/* End PBXTargetDependency section */

/* Begin XCBuildConfiguration section */
		3F5A4CCA2C1B3D3200246024 /* Debug */ = {
			isa = XCBuildConfiguration;
			buildSettings = {
				ALWAYS_SEARCH_USER_PATHS = NO;
				ASSETCATALOG_COMPILER_GENERATE_SWIFT_ASSET_SYMBOL_EXTENSIONS = YES;
				CLANG_ANALYZER_NONNULL = YES;
				CLANG_ANALYZER_NUMBER_OBJECT_CONVERSION = YES_AGGRESSIVE;
				CLANG_CXX_LANGUAGE_STANDARD = "gnu++20";
				CLANG_ENABLE_MODULES = YES;
				CLANG_ENABLE_OBJC_ARC = YES;
				CLANG_ENABLE_OBJC_WEAK = YES;
				CLANG_WARN_BLOCK_CAPTURE_AUTORELEASING = YES;
				CLANG_WARN_BOOL_CONVERSION = YES;
				CLANG_WARN_COMMA = YES;
				CLANG_WARN_CONSTANT_CONVERSION = YES;
				CLANG_WARN_DEPRECATED_OBJC_IMPLEMENTATIONS = YES;
				CLANG_WARN_DIRECT_OBJC_ISA_USAGE = YES_ERROR;
				CLANG_WARN_DOCUMENTATION_COMMENTS = YES;
				CLANG_WARN_EMPTY_BODY = YES;
				CLANG_WARN_ENUM_CONVERSION = YES;
				CLANG_WARN_INFINITE_RECURSION = YES;
				CLANG_WARN_INT_CONVERSION = YES;
				CLANG_WARN_NON_LITERAL_NULL_CONVERSION = YES;
				CLANG_WARN_OBJC_IMPLICIT_RETAIN_SELF = YES;
				CLANG_WARN_OBJC_LITERAL_CONVERSION = YES;
				CLANG_WARN_OBJC_ROOT_CLASS = YES_ERROR;
				CLANG_WARN_QUOTED_INCLUDE_IN_FRAMEWORK_HEADER = YES;
				CLANG_WARN_RANGE_LOOP_ANALYSIS = YES;
				CLANG_WARN_STRICT_PROTOTYPES = YES;
				CLANG_WARN_SUSPICIOUS_MOVE = YES;
				CLANG_WARN_UNGUARDED_AVAILABILITY = YES_AGGRESSIVE;
				CLANG_WARN_UNREACHABLE_CODE = YES;
				CLANG_WARN__DUPLICATE_METHOD_MATCH = YES;
				COPY_PHASE_STRIP = NO;
				DEBUG_INFORMATION_FORMAT = dwarf;
				ENABLE_STRICT_OBJC_MSGSEND = YES;
				ENABLE_TESTABILITY = YES;
				ENABLE_USER_SCRIPT_SANDBOXING = YES;
				GCC_C_LANGUAGE_STANDARD = gnu17;
				GCC_DYNAMIC_NO_PIC = NO;
				GCC_NO_COMMON_BLOCKS = YES;
				GCC_OPTIMIZATION_LEVEL = 0;
				GCC_PREPROCESSOR_DEFINITIONS = (
					"DEBUG=1",
					"$(inherited)",
				);
				GCC_WARN_64_TO_32_BIT_CONVERSION = YES;
				GCC_WARN_ABOUT_RETURN_TYPE = YES_ERROR;
				GCC_WARN_UNDECLARED_SELECTOR = YES;
				GCC_WARN_UNINITIALIZED_AUTOS = YES_AGGRESSIVE;
				GCC_WARN_UNUSED_FUNCTION = YES;
				GCC_WARN_UNUSED_VARIABLE = YES;
				IPHONEOS_DEPLOYMENT_TARGET = 18.0;
				LOCALIZATION_PREFERS_STRING_CATALOGS = YES;
				MTL_ENABLE_DEBUG_INFO = INCLUDE_SOURCE;
				MTL_FAST_MATH = YES;
				ONLY_ACTIVE_ARCH = YES;
				SDKROOT = iphoneos;
				SWIFT_ACTIVE_COMPILATION_CONDITIONS = "DEBUG $(inherited)";
				SWIFT_OPTIMIZATION_LEVEL = "-Onone";
			};
			name = Debug;
		};
		3F5A4CCB2C1B3D3200246024 /* Release */ = {
			isa = XCBuildConfiguration;
			buildSettings = {
				ALWAYS_SEARCH_USER_PATHS = NO;
				ASSETCATALOG_COMPILER_GENERATE_SWIFT_ASSET_SYMBOL_EXTENSIONS = YES;
				CLANG_ANALYZER_NONNULL = YES;
				CLANG_ANALYZER_NUMBER_OBJECT_CONVERSION = YES_AGGRESSIVE;
				CLANG_CXX_LANGUAGE_STANDARD = "gnu++20";
				CLANG_ENABLE_MODULES = YES;
				CLANG_ENABLE_OBJC_ARC = YES;
				CLANG_ENABLE_OBJC_WEAK = YES;
				CLANG_WARN_BLOCK_CAPTURE_AUTORELEASING = YES;
				CLANG_WARN_BOOL_CONVERSION = YES;
				CLANG_WARN_COMMA = YES;
				CLANG_WARN_CONSTANT_CONVERSION = YES;
				CLANG_WARN_DEPRECATED_OBJC_IMPLEMENTATIONS = YES;
				CLANG_WARN_DIRECT_OBJC_ISA_USAGE = YES_ERROR;
				CLANG_WARN_DOCUMENTATION_COMMENTS = YES;
				CLANG_WARN_EMPTY_BODY = YES;
				CLANG_WARN_ENUM_CONVERSION = YES;
				CLANG_WARN_INFINITE_RECURSION = YES;
				CLANG_WARN_INT_CONVERSION = YES;
				CLANG_WARN_NON_LITERAL_NULL_CONVERSION = YES;
				CLANG_WARN_OBJC_IMPLICIT_RETAIN_SELF = YES;
				CLANG_WARN_OBJC_LITERAL_CONVERSION = YES;
				CLANG_WARN_OBJC_ROOT_CLASS = YES_ERROR;
				CLANG_WARN_QUOTED_INCLUDE_IN_FRAMEWORK_HEADER = YES;
				CLANG_WARN_RANGE_LOOP_ANALYSIS = YES;
				CLANG_WARN_STRICT_PROTOTYPES = YES;
				CLANG_WARN_SUSPICIOUS_MOVE = YES;
				CLANG_WARN_UNGUARDED_AVAILABILITY = YES_AGGRESSIVE;
				CLANG_WARN_UNREACHABLE_CODE = YES;
				CLANG_WARN__DUPLICATE_METHOD_MATCH = YES;
				COPY_PHASE_STRIP = NO;
				DEBUG_INFORMATION_FORMAT = "dwarf-with-dsym";
				ENABLE_NS_ASSERTIONS = NO;
				ENABLE_STRICT_OBJC_MSGSEND = YES;
				ENABLE_USER_SCRIPT_SANDBOXING = YES;
				GCC_C_LANGUAGE_STANDARD = gnu17;
				GCC_NO_COMMON_BLOCKS = YES;
				GCC_WARN_64_TO_32_BIT_CONVERSION = YES;
				GCC_WARN_ABOUT_RETURN_TYPE = YES_ERROR;
				GCC_WARN_UNDECLARED_SELECTOR = YES;
				GCC_WARN_UNINITIALIZED_AUTOS = YES_AGGRESSIVE;
				GCC_WARN_UNUSED_FUNCTION = YES;
				GCC_WARN_UNUSED_VARIABLE = YES;
				IPHONEOS_DEPLOYMENT_TARGET = 18.0;
				LOCALIZATION_PREFERS_STRING_CATALOGS = YES;
				MTL_ENABLE_DEBUG_INFO = NO;
				MTL_FAST_MATH = YES;
				SDKROOT = iphoneos;
				SWIFT_COMPILATION_MODE = wholemodule;
				VALIDATE_PRODUCT = YES;
			};
			name = Release;
		};
		3F5A4CCD2C1B3D3200246024 /* Debug */ = {
			isa = XCBuildConfiguration;
			buildSettings = {
				ASSETCATALOG_COMPILER_APPICON_NAME = AppIcon;
				ASSETCATALOG_COMPILER_GLOBAL_ACCENT_COLOR_NAME = AccentColor;
				CODE_SIGN_STYLE = Automatic;
				CURRENT_PROJECT_VERSION = 1;
				DEVELOPMENT_ASSET_PATHS = "\"ConversorTemperaturas/Preview Content\"";
				DEVELOPMENT_TEAM = 8265U4S438;
				ENABLE_PREVIEWS = YES;
				GENERATE_INFOPLIST_FILE = YES;
				INFOPLIST_KEY_UIApplicationSceneManifest_Generation = YES;
				INFOPLIST_KEY_UIApplicationSupportsIndirectInputEvents = YES;
				INFOPLIST_KEY_UILaunchScreen_Generation = YES;
				INFOPLIST_KEY_UISupportedInterfaceOrientations_iPad = "UIInterfaceOrientationPortrait UIInterfaceOrientationPortraitUpsideDown UIInterfaceOrientationLandscapeLeft UIInterfaceOrientationLandscapeRight";
				INFOPLIST_KEY_UISupportedInterfaceOrientations_iPhone = "UIInterfaceOrientationPortrait UIInterfaceOrientationLandscapeLeft UIInterfaceOrientationLandscapeRight";
				LD_RUNPATH_SEARCH_PATHS = (
					"$(inherited)",
					"@executable_path/Frameworks",
				);
				MARKETING_VERSION = 1.0;
				PRODUCT_BUNDLE_IDENTIFIER = com.ConversorTemperaturas;
				PRODUCT_NAME = "$(TARGET_NAME)";
				SWIFT_EMIT_LOC_STRINGS = YES;
				SWIFT_VERSION = 5.0;
				TARGETED_DEVICE_FAMILY = "1,2";
			};
			name = Debug;
		};
		3F5A4CCE2C1B3D3200246024 /* Release */ = {
			isa = XCBuildConfiguration;
			buildSettings = {
				ASSETCATALOG_COMPILER_APPICON_NAME = AppIcon;
				ASSETCATALOG_COMPILER_GLOBAL_ACCENT_COLOR_NAME = AccentColor;
				CODE_SIGN_STYLE = Automatic;
				CURRENT_PROJECT_VERSION = 1;
				DEVELOPMENT_ASSET_PATHS = "\"ConversorTemperaturas/Preview Content\"";
				DEVELOPMENT_TEAM = 8265U4S438;
				ENABLE_PREVIEWS = YES;
				GENERATE_INFOPLIST_FILE = YES;
				INFOPLIST_KEY_UIApplicationSceneManifest_Generation = YES;
				INFOPLIST_KEY_UIApplicationSupportsIndirectInputEvents = YES;
				INFOPLIST_KEY_UILaunchScreen_Generation = YES;
				INFOPLIST_KEY_UISupportedInterfaceOrientations_iPad = "UIInterfaceOrientationPortrait UIInterfaceOrientationPortraitUpsideDown UIInterfaceOrientationLandscapeLeft UIInterfaceOrientationLandscapeRight";
				INFOPLIST_KEY_UISupportedInterfaceOrientations_iPhone = "UIInterfaceOrientationPortrait UIInterfaceOrientationLandscapeLeft UIInterfaceOrientationLandscapeRight";
				LD_RUNPATH_SEARCH_PATHS = (
					"$(inherited)",
					"@executable_path/Frameworks",
				);
				MARKETING_VERSION = 1.0;
				PRODUCT_BUNDLE_IDENTIFIER = com.ConversorTemperaturas;
				PRODUCT_NAME = "$(TARGET_NAME)";
				SWIFT_EMIT_LOC_STRINGS = YES;
				SWIFT_VERSION = 5.0;
				TARGETED_DEVICE_FAMILY = "1,2";
			};
			name = Release;
		};
		3F5A4CD02C1B3D3200246024 /* Debug */ = {
			isa = XCBuildConfiguration;
			buildSettings = {
				BUNDLE_LOADER = "$(TEST_HOST)";
				CODE_SIGN_STYLE = Automatic;
				CURRENT_PROJECT_VERSION = 1;
				DEVELOPMENT_TEAM = 8265U4S438;
				GENERATE_INFOPLIST_FILE = YES;
				IPHONEOS_DEPLOYMENT_TARGET = 18.0;
				MARKETING_VERSION = 1.0;
				PRODUCT_BUNDLE_IDENTIFIER = com.ConversorTemperaturasTests;
				PRODUCT_NAME = "$(TARGET_NAME)";
				SWIFT_EMIT_LOC_STRINGS = NO;
				SWIFT_VERSION = 5.0;
				TARGETED_DEVICE_FAMILY = "1,2";
				TEST_HOST = "$(BUILT_PRODUCTS_DIR)/ConversorTemperaturas.app/$(BUNDLE_EXECUTABLE_FOLDER_PATH)/ConversorTemperaturas";
			};
			name = Debug;
		};
		3F5A4CD12C1B3D3200246024 /* Release */ = {
			isa = XCBuildConfiguration;
			buildSettings = {
				BUNDLE_LOADER = "$(TEST_HOST)";
				CODE_SIGN_STYLE = Automatic;
				CURRENT_PROJECT_VERSION = 1;
				DEVELOPMENT_TEAM = 8265U4S438;
				GENERATE_INFOPLIST_FILE = YES;
				IPHONEOS_DEPLOYMENT_TARGET = 18.0;
				MARKETING_VERSION = 1.0;
				PRODUCT_BUNDLE_IDENTIFIER = com.ConversorTemperaturasTests;
				PRODUCT_NAME = "$(TARGET_NAME)";
				SWIFT_EMIT_LOC_STRINGS = NO;
				SWIFT_VERSION = 5.0;
				TARGETED_DEVICE_FAMILY = "1,2";
				TEST_HOST = "$(BUILT_PRODUCTS_DIR)/ConversorTemperaturas.app/$(BUNDLE_EXECUTABLE_FOLDER_PATH)/ConversorTemperaturas";
			};
			name = Release;
		};
		3F5A4CD32C1B3D3200246024 /* Debug */ = {
			isa = XCBuildConfiguration;
			buildSettings = {
				CODE_SIGN_STYLE = Automatic;
				CURRENT_PROJECT_VERSION = 1;
				DEVELOPMENT_TEAM = 8265U4S438;
				GENERATE_INFOPLIST_FILE = YES;
				MARKETING_VERSION = 1.0;
				PRODUCT_BUNDLE_IDENTIFIER = com.ConversorTemperaturasUITests;
				PRODUCT_NAME = "$(TARGET_NAME)";
				SWIFT_EMIT_LOC_STRINGS = NO;
				SWIFT_VERSION = 5.0;
				TARGETED_DEVICE_FAMILY = "1,2";
				TEST_TARGET_NAME = ConversorTemperaturas;
			};
			name = Debug;
		};
		3F5A4CD42C1B3D3200246024 /* Release */ = {
			isa = XCBuildConfiguration;
			buildSettings = {
				CODE_SIGN_STYLE = Automatic;
				CURRENT_PROJECT_VERSION = 1;
				DEVELOPMENT_TEAM = 8265U4S438;
				GENERATE_INFOPLIST_FILE = YES;
				MARKETING_VERSION = 1.0;
				PRODUCT_BUNDLE_IDENTIFIER = com.ConversorTemperaturasUITests;
				PRODUCT_NAME = "$(TARGET_NAME)";
				SWIFT_EMIT_LOC_STRINGS = NO;
				SWIFT_VERSION = 5.0;
				TARGETED_DEVICE_FAMILY = "1,2";
				TEST_TARGET_NAME = ConversorTemperaturas;
			};
			name = Release;
		};
/* End XCBuildConfiguration section */

/* Begin XCConfigurationList section */
		3F5A4CA32C1B3D3100246024 /* Build configuration list for PBXProject "ConversorTemperaturas" */ = {
			isa = XCConfigurationList;
			buildConfigurations = (
				3F5A4CCA2C1B3D3200246024 /* Debug */,
				3F5A4CCB2C1B3D3200246024 /* Release */,
			);
			defaultConfigurationIsVisible = 0;
			defaultConfigurationName = Release;
		};
		3F5A4CCC2C1B3D3200246024 /* Build configuration list for PBXNativeTarget "ConversorTemperaturas" */ = {
			isa = XCConfigurationList;
			buildConfigurations = (
				3F5A4CCD2C1B3D3200246024 /* Debug */,
				3F5A4CCE2C1B3D3200246024 /* Release */,
			);
			defaultConfigurationIsVisible = 0;
			defaultConfigurationName = Release;
		};
		3F5A4CCF2C1B3D3200246024 /* Build configuration list for PBXNativeTarget "ConversorTemperaturasTests" */ = {
			isa = XCConfigurationList;
			buildConfigurations = (
				3F5A4CD02C1B3D3200246024 /* Debug */,
				3F5A4CD12C1B3D3200246024 /* Release */,
			);
			defaultConfigurationIsVisible = 0;
			defaultConfigurationName = Release;
		};
		3F5A4CD22C1B3D3200246024 /* Build configuration list for PBXNativeTarget "ConversorTemperaturasUITests" */ = {
			isa = XCConfigurationList;
			buildConfigurations = (
				3F5A4CD32C1B3D3200246024 /* Debug */,
				3F5A4CD42C1B3D3200246024 /* Release */,
			);
			defaultConfigurationIsVisible = 0;
			defaultConfigurationName = Release;
		};
/* End XCConfigurationList section */
	};
	rootObject = 3F5A4CA02C1B3D3100246024 /* Project object */;
}
